
Microsoft Visual Studio Solution File, Format Version 12.00
# Visual Studio Version 16
VisualStudioVersion = 16.0.30413.136
MinimumVisualStudioVersion = 10.0.40219.1
Project("{FAE04EC0-301F-11D3-BF4B-00C04F79EFBC}") = "MobileComms_WPF", "MobileComms_WPF\MobileComms_WPF.csproj", "{7DC280D2-A637-452F-A7A2-2ABB401E3E7B}"
EndProject
Project("{9A19103F-16F7-4668-BE54-9A1E7A4F7556}") = "ARCLManager", "..\ARCLManager\ARCLManager\ARCLManager.csproj", "{2435E804-208A-499F-9EC8-9DBEF397C8FC}"
EndProject
Project("{9A19103F-16F7-4668-BE54-9A1E7A4F7556}") = "SocketManager", "..\SocketManager\SocketManager.csproj", "{6BCDE318-55A4-4FDE-97C2-20E6F97DAF1A}"
EndProject
Global
	GlobalSection(SolutionConfigurationPlatforms) = preSolution
		Debug|Any CPU = Debug|Any CPU
		MobileConfiguration|Any CPU = MobileConfiguration|Any CPU
		Release|Any CPU = Release|Any CPU
	EndGlobalSection
	GlobalSection(ProjectConfigurationPlatforms) = postSolution
		{7DC280D2-A637-452F-A7A2-2ABB401E3E7B}.Debug|Any CPU.ActiveCfg = Debug|Any CPU
		{7DC280D2-A637-452F-A7A2-2ABB401E3E7B}.Debug|Any CPU.Build.0 = Debug|Any CPU
		{7DC280D2-A637-452F-A7A2-2ABB401E3E7B}.MobileConfiguration|Any CPU.ActiveCfg = Release|Any CPU
		{7DC280D2-A637-452F-A7A2-2ABB401E3E7B}.MobileConfiguration|Any CPU.Build.0 = Release|Any CPU
		{7DC280D2-A637-452F-A7A2-2ABB401E3E7B}.Release|Any CPU.ActiveCfg = Release|Any CPU
		{7DC280D2-A637-452F-A7A2-2ABB401E3E7B}.Release|Any CPU.Build.0 = Release|Any CPU
		{2435E804-208A-499F-9EC8-9DBEF397C8FC}.Debug|Any CPU.ActiveCfg = Debug|Any CPU
		{2435E804-208A-499F-9EC8-9DBEF397C8FC}.Debug|Any CPU.Build.0 = Debug|Any CPU
		{2435E804-208A-499F-9EC8-9DBEF397C8FC}.MobileConfiguration|Any CPU.ActiveCfg = MobileConfiguration|Any CPU
		{2435E804-208A-499F-9EC8-9DBEF397C8FC}.MobileConfiguration|Any CPU.Build.0 = MobileConfiguration|Any CPU
		{2435E804-208A-499F-9EC8-9DBEF397C8FC}.Release|Any CPU.ActiveCfg = Release|Any CPU
		{2435E804-208A-499F-9EC8-9DBEF397C8FC}.Release|Any CPU.Build.0 = Release|Any CPU
		{6BCDE318-55A4-4FDE-97C2-20E6F97DAF1A}.Debug|Any CPU.ActiveCfg = Debug|Any CPU
		{6BCDE318-55A4-4FDE-97C2-20E6F97DAF1A}.Debug|Any CPU.Build.0 = Debug|Any CPU
		{6BCDE318-55A4-4FDE-97C2-20E6F97DAF1A}.MobileConfiguration|Any CPU.ActiveCfg = Release|Any CPU
		{6BCDE318-55A4-4FDE-97C2-20E6F97DAF1A}.MobileConfiguration|Any CPU.Build.0 = Release|Any CPU
		{6BCDE318-55A4-4FDE-97C2-20E6F97DAF1A}.Release|Any CPU.ActiveCfg = Release|Any CPU
		{6BCDE318-55A4-4FDE-97C2-20E6F97DAF1A}.Release|Any CPU.Build.0 = Release|Any CPU
	EndGlobalSection
	GlobalSection(SolutionProperties) = preSolution
		HideSolutionNode = FALSE
	EndGlobalSection
	GlobalSection(ExtensibilityGlobals) = postSolution
		SolutionGuid = {3F807F8F-91B1-4BBB-A42E-92172E4FA6B8}
	EndGlobalSection
EndGlobal
